
Microsoft Visual Studio Solution File, Format Version 12.00
# Visual Studio Version 16
VisualStudioVersion = 16.0.31321.278
MinimumVisualStudioVersion = 10.0.40219.1
Project("{FAE04EC0-301F-11D3-BF4B-00C04F79EFBC}") = "EmployeeManagement", "EmployeeManagement\EmployeeManagement.csproj", "{199919AD-121B-4C5B-944E-2D279B9C5212}"
EndProject
Global
	GlobalSection(SolutionConfigurationPlatforms) = preSolution
		Debug|Any CPU = Debug|Any CPU
		Release|Any CPU = Release|Any CPU
	EndGlobalSection
	GlobalSection(ProjectConfigurationPlatforms) = postSolution
		{199919AD-121B-4C5B-944E-2D279B9C5212}.Debug|Any CPU.ActiveCfg = Debug|Any CPU
		{199919AD-121B-4C5B-944E-2D279B9C5212}.Debug|Any CPU.Build.0 = Debug|Any CPU
		{199919AD-121B-4C5B-944E-2D279B9C5212}.Release|Any CPU.ActiveCfg = Release|Any CPU
		{199919AD-121B-4C5B-944E-2D279B9C5212}.Release|Any CPU.Build.0 = Release|Any CPU
	EndGlobalSection
	GlobalSection(SolutionProperties) = preSolution
		HideSolutionNode = FALSE
	EndGlobalSection
	GlobalSection(ExtensibilityGlobals) = postSolution
		SolutionGuid = {68D1D223-1271-46DA-9F7C-9A9D71788233}
	EndGlobalSection
EndGlobal
